
Microsoft Visual Studio Solution File, Format Version 12.00
# Visual Studio Version 17
VisualStudioVersion = 17.11.35219.272
MinimumVisualStudioVersion = 10.0.40219.1
Project("{FAE04EC0-301F-11D3-BF4B-00C04F79EFBC}") = "kutse_app", "kutse_app.csproj", "{F3F6A8A6-7CF9-4626-9C8C-DA573A2CAF65}"
EndProject
Global
	GlobalSection(SolutionConfigurationPlatforms) = preSolution
		Debug|Any CPU = Debug|Any CPU
		Release|Any CPU = Release|Any CPU
	EndGlobalSection
	GlobalSection(ProjectConfigurationPlatforms) = postSolution
		{F3F6A8A6-7CF9-4626-9C8C-DA573A2CAF65}.Debug|Any CPU.ActiveCfg = Debug|Any CPU
		{F3F6A8A6-7CF9-4626-9C8C-DA573A2CAF65}.Debug|Any CPU.Build.0 = Debug|Any CPU
		{F3F6A8A6-7CF9-4626-9C8C-DA573A2CAF65}.Release|Any CPU.ActiveCfg = Release|Any CPU
		{F3F6A8A6-7CF9-4626-9C8C-DA573A2CAF65}.Release|Any CPU.Build.0 = Release|Any CPU
	EndGlobalSection
	GlobalSection(SolutionProperties) = preSolution
		HideSolutionNode = FALSE
	EndGlobalSection
	GlobalSection(ExtensibilityGlobals) = postSolution
		SolutionGuid = {52366002-DDB9-4AAF-9BFC-3D5605153A10}
	EndGlobalSection
EndGlobal
